
Microsoft Visual Studio Solution File, Format Version 12.00
# Visual Studio Version 17
VisualStudioVersion = 17.9.34701.34
MinimumVisualStudioVersion = 10.0.40219.1
Project("{FAE04EC0-301F-11D3-BF4B-00C04F79EFBC}") = "ContosoUniversity", "ContosoUniversity\ContosoUniversity.csproj", "{D061935B-FB55-46E0-8E88-AE5734C1899A}"
EndProject
Global
	GlobalSection(SolutionConfigurationPlatforms) = preSolution
		Debug|Any CPU = Debug|Any CPU
		Release|Any CPU = Release|Any CPU
	EndGlobalSection
	GlobalSection(ProjectConfigurationPlatforms) = postSolution
		{D061935B-FB55-46E0-8E88-AE5734C1899A}.Debug|Any CPU.ActiveCfg = Debug|Any CPU
		{D061935B-FB55-46E0-8E88-AE5734C1899A}.Debug|Any CPU.Build.0 = Debug|Any CPU
		{D061935B-FB55-46E0-8E88-AE5734C1899A}.Release|Any CPU.ActiveCfg = Release|Any CPU
		{D061935B-FB55-46E0-8E88-AE5734C1899A}.Release|Any CPU.Build.0 = Release|Any CPU
	EndGlobalSection
	GlobalSection(SolutionProperties) = preSolution
		HideSolutionNode = FALSE
	EndGlobalSection
	GlobalSection(ExtensibilityGlobals) = postSolution
		SolutionGuid = {7C8A091E-AF9D-40FB-BD00-2A647FCB7DCC}
	EndGlobalSection
EndGlobal
